// !$*UTF8*$!
{
	archiveVersion = 1;
	classes = {
	};
	objectVersion = 56;
	objects = {

/* Begin PBXBuildFile section */
		A00000000000000000000021 /* AtelierPrimeApp.swift in Sources */ = {isa = PBXBuildFile; fileRef = A00000000000000000000001 /* AtelierPrimeApp.swift */; };
		A00000000000000000000022 /* ContentView.swift in Sources */ = {isa = PBXBuildFile; fileRef = A00000000000000000000002 /* ContentView.swift */; };
		A00000000000000000000023 /* AppFeature.swift in Sources */ = {isa = PBXBuildFile; fileRef = A00000000000000000000003 /* AppFeature.swift */; };
		A00000000000000000000024 /* PaintModels.swift in Sources */ = {isa = PBXBuildFile; fileRef = A00000000000000000000004 /* PaintModels.swift */; };
		A00000000000000000000025 /* CanvasView.swift in Sources */ = {isa = PBXBuildFile; fileRef = A00000000000000000000005 /* CanvasView.swift */; };
		A00000000000000000000026 /* BrushPaletteView.swift in Sources */ = {isa = PBXBuildFile; fileRef = A00000000000000000000006 /* BrushPaletteView.swift */; };
		A00000000000000000000027 /* LayerSidebarView.swift in Sources */ = {isa = PBXBuildFile; fileRef = A00000000000000000000007 /* LayerSidebarView.swift */; };
		A00000000000000000000028 /* PaintDocumentBridge.mm in Sources */ = {isa = PBXBuildFile; fileRef = A00000000000000000000009 /* PaintDocumentBridge.mm */; };
		A00000000000000000000029 /* PaintEngine.cpp in Sources */ = {isa = PBXBuildFile; fileRef = A00000000000000000000011 /* PaintEngine.cpp */; };
		A0000000000000000000002A /* UIKit.framework in Frameworks */ = {isa = PBXBuildFile; fileRef = A00000000000000000000031 /* UIKit.framework */; };
		A0000000000000000000002B /* Foundation.framework in Frameworks */ = {isa = PBXBuildFile; fileRef = A00000000000000000000032 /* Foundation.framework */; };
		A0000000000000000000002C /* CoreGraphics.framework in Frameworks */ = {isa = PBXBuildFile; fileRef = A00000000000000000000033 /* CoreGraphics.framework */; };
		A0000000000000000000002D /* AVFoundation.framework in Frameworks */ = {isa = PBXBuildFile; fileRef = A00000000000000000000034 /* AVFoundation.framework */; };
		A0000000000000000000002E /* MetalCanvasRenderer.swift in Sources */ = {isa = PBXBuildFile; fileRef = A00000000000000000000013 /* MetalCanvasRenderer.swift */; };
		A0000000000000000000002F /* PaintShaders.metal in Sources */ = {isa = PBXBuildFile; fileRef = A00000000000000000000014 /* PaintShaders.metal */; };
		A00000000000000000000035 /* Metal.framework in Frameworks */ = {isa = PBXBuildFile; fileRef = A00000000000000000000036 /* Metal.framework */; };
		A00000000000000000000037 /* MetalKit.framework in Frameworks */ = {isa = PBXBuildFile; fileRef = A00000000000000000000038 /* MetalKit.framework */; };
		A00000000000000000000039 /* ComposableArchitecture in Frameworks */ = {isa = PBXBuildFile; productRef = A00000000000000000000093 /* ComposableArchitecture */; };
		A0000000000000000000003A /* BrushRuntimeSettings.swift in Sources */ = {isa = PBXBuildFile; fileRef = A00000000000000000000015 /* BrushRuntimeSettings.swift */; };
		A0000000000000000000003B /* PaintDocumentPresentation.swift in Sources */ = {isa = PBXBuildFile; fileRef = A00000000000000000000016 /* PaintDocumentPresentation.swift */; };
		A0000000000000000000003C /* PaintDocumentSession.swift in Sources */ = {isa = PBXBuildFile; fileRef = A00000000000000000000017 /* PaintDocumentSession.swift */; };
		A0000000000000000000003D /* PaintDocumentClient.swift in Sources */ = {isa = PBXBuildFile; fileRef = A00000000000000000000018 /* PaintDocumentClient.swift */; };
		A0000000000000000000003E /* BrushPaletteFeature.swift in Sources */ = {isa = PBXBuildFile; fileRef = A00000000000000000000019 /* BrushPaletteFeature.swift */; };
		A0000000000000000000003F /* LayerSidebarFeature.swift in Sources */ = {isa = PBXBuildFile; fileRef = A0000000000000000000001A /* LayerSidebarFeature.swift */; };
		A00000000000000000000043 /* CanvasFeature.swift in Sources */ = {isa = PBXBuildFile; fileRef = A0000000000000000000001B /* CanvasFeature.swift */; };
		A00000000000000000000044 /* InputHandler.swift in Sources */ = {isa = PBXBuildFile; fileRef = A00000000000000000000045 /* InputHandler.swift */; };
		A00000000000000000000046 /* StudioTheme.swift in Sources */ = {isa = PBXBuildFile; fileRef = A00000000000000000000047 /* StudioTheme.swift */; };
		A0000000000000000000004A /* StudioLocalization.swift in Sources */ = {isa = PBXBuildFile; fileRef = A0000000000000000000004B /* StudioLocalization.swift */; };
		A0000000000000000000004C /* BrushTipFile.swift in Sources */ = {isa = PBXBuildFile; fileRef = A0000000000000000000004D /* BrushTipFile.swift */; };
		A0000000000000000000004E /* PhotoshopBrushFile.swift in Sources */ = {isa = PBXBuildFile; fileRef = A0000000000000000000004F /* PhotoshopBrushFile.swift */; };
		A00000000000000000000094 /* BrushPresetStore.swift in Sources */ = {isa = PBXBuildFile; fileRef = A00000000000000000000095 /* BrushPresetStore.swift */; };
		A00000000000000000000096 /* ContentView+Support.swift in Sources */ = {isa = PBXBuildFile; fileRef = A00000000000000000000097 /* ContentView+Support.swift */; };
		A00000000000000000000098 /* ContentView+Previews.swift in Sources */ = {isa = PBXBuildFile; fileRef = A00000000000000000000099 /* ContentView+Previews.swift */; };
		A0000000000000000000009A /* BrushPaletteSupport.swift in Sources */ = {isa = PBXBuildFile; fileRef = A0000000000000000000009B /* BrushPaletteSupport.swift */; };
		A0000000000000000000009C /* BrushPaletteControls.swift in Sources */ = {isa = PBXBuildFile; fileRef = A0000000000000000000009D /* BrushPaletteControls.swift */; };
		A0000000000000000000009E /* BrushPaletteView+Bindings.swift in Sources */ = {isa = PBXBuildFile; fileRef = A0000000000000000000009F /* BrushPaletteView+Bindings.swift */; };
		A000000000000000000000A0 /* BrushPaletteView+Sections.swift in Sources */ = {isa = PBXBuildFile; fileRef = A000000000000000000000A1 /* BrushPaletteView+Sections.swift */; };
		A000000000000000000000A2 /* BrushPaletteView+Previews.swift in Sources */ = {isa = PBXBuildFile; fileRef = A000000000000000000000A3 /* BrushPaletteView+Previews.swift */; };
		A000000000000000000000A4 /* AppFeature+Helpers.swift in Sources */ = {isa = PBXBuildFile; fileRef = A000000000000000000000A5 /* AppFeature+Helpers.swift */; };
		A000000000000000000000A6 /* TimelapseExporter.swift in Sources */ = {isa = PBXBuildFile; fileRef = A000000000000000000000A7 /* TimelapseExporter.swift */; };
		A00000000000000000000048 /* Assets.xcassets in Resources */ = {isa = PBXBuildFile; fileRef = A00000000000000000000049 /* Assets.xcassets */; };
/* End PBXBuildFile section */

/* Begin PBXFileReference section */
		A00000000000000000000001 /* AtelierPrimeApp.swift */ = {isa = PBXFileReference; lastKnownFileType = sourcecode.swift; path = AtelierPrimeApp.swift; sourceTree = "<group>"; };
		A00000000000000000000002 /* ContentView.swift */ = {isa = PBXFileReference; lastKnownFileType = sourcecode.swift; path = ContentView.swift; sourceTree = "<group>"; };
		A00000000000000000000003 /* AppFeature.swift */ = {isa = PBXFileReference; lastKnownFileType = sourcecode.swift; path = AppFeature.swift; sourceTree = "<group>"; };
		A00000000000000000000004 /* PaintModels.swift */ = {isa = PBXFileReference; lastKnownFileType = sourcecode.swift; path = PaintModels.swift; sourceTree = "<group>"; };
		A00000000000000000000005 /* CanvasView.swift */ = {isa = PBXFileReference; lastKnownFileType = sourcecode.swift; path = CanvasView.swift; sourceTree = "<group>"; };
		A00000000000000000000006 /* BrushPaletteView.swift */ = {isa = PBXFileReference; lastKnownFileType = sourcecode.swift; path = BrushPaletteView.swift; sourceTree = "<group>"; };
		A00000000000000000000007 /* LayerSidebarView.swift */ = {isa = PBXFileReference; lastKnownFileType = sourcecode.swift; path = LayerSidebarView.swift; sourceTree = "<group>"; };
		A00000000000000000000008 /* PaintDocumentBridge.h */ = {isa = PBXFileReference; lastKnownFileType = sourcecode.c.h; path = PaintDocumentBridge.h; sourceTree = "<group>"; };
		A00000000000000000000009 /* PaintDocumentBridge.mm */ = {isa = PBXFileReference; lastKnownFileType = sourcecode.cpp.objcpp; path = PaintDocumentBridge.mm; sourceTree = "<group>"; };
		A0000000000000000000000A /* atelierprime-Bridging-Header.h */ = {isa = PBXFileReference; lastKnownFileType = sourcecode.c.h; path = "atelierprime-Bridging-Header.h"; sourceTree = "<group>"; };
		A0000000000000000000000B /* Info.plist */ = {isa = PBXFileReference; lastKnownFileType = text.plist.xml; path = Info.plist; sourceTree = "<group>"; };
		A00000000000000000000011 /* PaintEngine.cpp */ = {isa = PBXFileReference; lastKnownFileType = sourcecode.cpp.cpp; path = PaintEngine.cpp; sourceTree = "<group>"; };
		A00000000000000000000012 /* PaintEngine.hpp */ = {isa = PBXFileReference; lastKnownFileType = sourcecode.cpp.h; path = PaintEngine.hpp; sourceTree = "<group>"; };
		A00000000000000000000013 /* MetalCanvasRenderer.swift */ = {isa = PBXFileReference; lastKnownFileType = sourcecode.swift; path = MetalCanvasRenderer.swift; sourceTree = "<group>"; };
		A00000000000000000000014 /* PaintShaders.metal */ = {isa = PBXFileReference; lastKnownFileType = sourcecode.metal; path = PaintShaders.metal; sourceTree = "<group>"; };
		A00000000000000000000015 /* BrushRuntimeSettings.swift */ = {isa = PBXFileReference; lastKnownFileType = sourcecode.swift; path = BrushRuntimeSettings.swift; sourceTree = "<group>"; };
		A00000000000000000000016 /* PaintDocumentPresentation.swift */ = {isa = PBXFileReference; lastKnownFileType = sourcecode.swift; path = PaintDocumentPresentation.swift; sourceTree = "<group>"; };
		A00000000000000000000017 /* PaintDocumentSession.swift */ = {isa = PBXFileReference; lastKnownFileType = sourcecode.swift; path = PaintDocumentSession.swift; sourceTree = "<group>"; };
		A00000000000000000000018 /* PaintDocumentClient.swift */ = {isa = PBXFileReference; lastKnownFileType = sourcecode.swift; path = PaintDocumentClient.swift; sourceTree = "<group>"; };
		A00000000000000000000019 /* BrushPaletteFeature.swift */ = {isa = PBXFileReference; lastKnownFileType = sourcecode.swift; path = BrushPaletteFeature.swift; sourceTree = "<group>"; };
		A0000000000000000000001A /* LayerSidebarFeature.swift */ = {isa = PBXFileReference; lastKnownFileType = sourcecode.swift; path = LayerSidebarFeature.swift; sourceTree = "<group>"; };
		A0000000000000000000001B /* CanvasFeature.swift */ = {isa = PBXFileReference; lastKnownFileType = sourcecode.swift; path = CanvasFeature.swift; sourceTree = "<group>"; };
		A00000000000000000000030 /* atelierprime.app */ = {isa = PBXFileReference; explicitFileType = wrapper.application; includeInIndex = 0; path = atelierprime.app; sourceTree = BUILT_PRODUCTS_DIR; };
		A00000000000000000000031 /* UIKit.framework */ = {isa = PBXFileReference; lastKnownFileType = wrapper.framework; name = UIKit.framework; path = System/Library/Frameworks/UIKit.framework; sourceTree = SDKROOT; };
		A00000000000000000000032 /* Foundation.framework */ = {isa = PBXFileReference; lastKnownFileType = wrapper.framework; name = Foundation.framework; path = System/Library/Frameworks/Foundation.framework; sourceTree = SDKROOT; };
		A00000000000000000000033 /* CoreGraphics.framework */ = {isa = PBXFileReference; lastKnownFileType = wrapper.framework; name = CoreGraphics.framework; path = System/Library/Frameworks/CoreGraphics.framework; sourceTree = SDKROOT; };
		A00000000000000000000034 /* AVFoundation.framework */ = {isa = PBXFileReference; lastKnownFileType = wrapper.framework; name = AVFoundation.framework; path = System/Library/Frameworks/AVFoundation.framework; sourceTree = SDKROOT; };
		A00000000000000000000036 /* Metal.framework */ = {isa = PBXFileReference; lastKnownFileType = wrapper.framework; name = Metal.framework; path = System/Library/Frameworks/Metal.framework; sourceTree = SDKROOT; };
		A00000000000000000000038 /* MetalKit.framework */ = {isa = PBXFileReference; lastKnownFileType = wrapper.framework; name = MetalKit.framework; path = System/Library/Frameworks/MetalKit.framework; sourceTree = SDKROOT; };
		A00000000000000000000045 /* InputHandler.swift */ = {isa = PBXFileReference; lastKnownFileType = sourcecode.swift; path = InputHandler.swift; sourceTree = "<group>"; };
		A00000000000000000000047 /* StudioTheme.swift */ = {isa = PBXFileReference; lastKnownFileType = sourcecode.swift; path = StudioTheme.swift; sourceTree = "<group>"; };
		A0000000000000000000004B /* StudioLocalization.swift */ = {isa = PBXFileReference; lastKnownFileType = sourcecode.swift; path = StudioLocalization.swift; sourceTree = "<group>"; };
		A0000000000000000000004D /* BrushTipFile.swift */ = {isa = PBXFileReference; lastKnownFileType = sourcecode.swift; path = BrushTipFile.swift; sourceTree = "<group>"; };
		A0000000000000000000004F /* PhotoshopBrushFile.swift */ = {isa = PBXFileReference; lastKnownFileType = sourcecode.swift; path = PhotoshopBrushFile.swift; sourceTree = "<group>"; };
		A00000000000000000000095 /* BrushPresetStore.swift */ = {isa = PBXFileReference; lastKnownFileType = sourcecode.swift; path = BrushPresetStore.swift; sourceTree = "<group>"; };
		A00000000000000000000097 /* ContentView+Support.swift */ = {isa = PBXFileReference; lastKnownFileType = sourcecode.swift; path = "ContentView+Support.swift"; sourceTree = "<group>"; };
		A00000000000000000000099 /* ContentView+Previews.swift */ = {isa = PBXFileReference; lastKnownFileType = sourcecode.swift; path = "ContentView+Previews.swift"; sourceTree = "<group>"; };
		A0000000000000000000009B /* BrushPaletteSupport.swift */ = {isa = PBXFileReference; lastKnownFileType = sourcecode.swift; path = BrushPaletteSupport.swift; sourceTree = "<group>"; };
		A0000000000000000000009D /* BrushPaletteControls.swift */ = {isa = PBXFileReference; lastKnownFileType = sourcecode.swift; path = BrushPaletteControls.swift; sourceTree = "<group>"; };
		A0000000000000000000009F /* BrushPaletteView+Bindings.swift */ = {isa = PBXFileReference; lastKnownFileType = sourcecode.swift; path = "BrushPaletteView+Bindings.swift"; sourceTree = "<group>"; };
		A000000000000000000000A1 /* BrushPaletteView+Sections.swift */ = {isa = PBXFileReference; lastKnownFileType = sourcecode.swift; path = "BrushPaletteView+Sections.swift"; sourceTree = "<group>"; };
		A000000000000000000000A3 /* BrushPaletteView+Previews.swift */ = {isa = PBXFileReference; lastKnownFileType = sourcecode.swift; path = "BrushPaletteView+Previews.swift"; sourceTree = "<group>"; };
		A000000000000000000000A5 /* AppFeature+Helpers.swift */ = {isa = PBXFileReference; lastKnownFileType = sourcecode.swift; path = "AppFeature+Helpers.swift"; sourceTree = "<group>"; };
		A000000000000000000000A7 /* TimelapseExporter.swift */ = {isa = PBXFileReference; lastKnownFileType = sourcecode.swift; path = TimelapseExporter.swift; sourceTree = "<group>"; };
		A00000000000000000000049 /* Assets.xcassets */ = {isa = PBXFileReference; lastKnownFileType = folder.assetcatalog; path = Assets.xcassets; sourceTree = "<group>"; };
/* End PBXFileReference section */

/* Begin PBXFrameworksBuildPhase section */
		A00000000000000000000040 /* Frameworks */ = {
			isa = PBXFrameworksBuildPhase;
			buildActionMask = 2147483647;
			files = (
				A00000000000000000000039 /* ComposableArchitecture in Frameworks */,
				A00000000000000000000037 /* MetalKit.framework in Frameworks */,
				A00000000000000000000035 /* Metal.framework in Frameworks */,
				A0000000000000000000002D /* AVFoundation.framework in Frameworks */,
				A0000000000000000000002C /* CoreGraphics.framework in Frameworks */,
				A0000000000000000000002B /* Foundation.framework in Frameworks */,
				A0000000000000000000002A /* UIKit.framework in Frameworks */,
			);
			runOnlyForDeploymentPostprocessing = 0;
		};
/* End PBXFrameworksBuildPhase section */

/* Begin PBXGroup section */
		A00000000000000000000050 = {
			isa = PBXGroup;
			children = (
				A00000000000000000000051 /* App */,
				A00000000000000000000052 /* Bridge */,
				A00000000000000000000053 /* Engine */,
				A00000000000000000000054 /* Frameworks */,
				A00000000000000000000055 /* Products */,
			);
			sourceTree = "<group>";
		};
		A00000000000000000000051 /* App */ = {
			isa = PBXGroup;
			children = (
				A00000000000000000000049 /* Assets.xcassets */,
				A00000000000000000000057 /* Application */,
				A00000000000000000000058 /* Features */,
				A00000000000000000000059 /* Models */,
				A0000000000000000000005A /* Rendering */,
				A0000000000000000000005B /* Support */,
			);
			path = App;
			sourceTree = "<group>";
		};
		A00000000000000000000052 /* Bridge */ = {
			isa = PBXGroup;
			children = (
				A00000000000000000000008 /* PaintDocumentBridge.h */,
				A00000000000000000000009 /* PaintDocumentBridge.mm */,
			);
			path = Bridge;
			sourceTree = "<group>";
		};
		A00000000000000000000053 /* Engine */ = {
			isa = PBXGroup;
			children = (
				A00000000000000000000011 /* PaintEngine.cpp */,
				A00000000000000000000056 /* include */,
			);
			path = Engine;
			sourceTree = "<group>";
		};
		A00000000000000000000054 /* Frameworks */ = {
			isa = PBXGroup;
			children = (
				A00000000000000000000038 /* MetalKit.framework */,
				A00000000000000000000036 /* Metal.framework */,
				A00000000000000000000034 /* AVFoundation.framework */,
				A00000000000000000000033 /* CoreGraphics.framework */,
				A00000000000000000000032 /* Foundation.framework */,
				A00000000000000000000031 /* UIKit.framework */,
			);
			name = Frameworks;
			sourceTree = "<group>";
		};
		A00000000000000000000055 /* Products */ = {
			isa = PBXGroup;
			children = (
				A00000000000000000000030 /* atelierprime.app */,
			);
			name = Products;
			sourceTree = "<group>";
		};
		A00000000000000000000056 /* include */ = {
			isa = PBXGroup;
			children = (
				A00000000000000000000012 /* PaintEngine.hpp */,
			);
			path = include;
			sourceTree = "<group>";
		};
		A00000000000000000000057 /* Application */ = {
			isa = PBXGroup;
			children = (
				A00000000000000000000001 /* AtelierPrimeApp.swift */,
				A00000000000000000000002 /* ContentView.swift */,
				A00000000000000000000097 /* ContentView+Support.swift */,
				A00000000000000000000099 /* ContentView+Previews.swift */,
			);
			path = Application;
			sourceTree = "<group>";
		};
		A00000000000000000000058 /* Features */ = {
			isa = PBXGroup;
			children = (
				A0000000000000000000005C /* BrushPalette */,
				A0000000000000000000005D /* Canvas */,
				A0000000000000000000005E /* Document */,
				A0000000000000000000005F /* Layers */,
			);
			path = Features;
			sourceTree = "<group>";
		};
		A00000000000000000000059 /* Models */ = {
			isa = PBXGroup;
			children = (
				A00000000000000000000004 /* PaintModels.swift */,
			);
			path = Models;
			sourceTree = "<group>";
		};
		A0000000000000000000005A /* Rendering */ = {
			isa = PBXGroup;
			children = (
				A00000000000000000000013 /* MetalCanvasRenderer.swift */,
				A00000000000000000000014 /* PaintShaders.metal */,
			);
			path = Rendering;
			sourceTree = "<group>";
		};
		A0000000000000000000005B /* Support */ = {
			isa = PBXGroup;
			children = (
				A0000000000000000000000A /* atelierprime-Bridging-Header.h */,
				A0000000000000000000000B /* Info.plist */,
				A00000000000000000000095 /* BrushPresetStore.swift */,
				A0000000000000000000004D /* BrushTipFile.swift */,
				A0000000000000000000004F /* PhotoshopBrushFile.swift */,
				A0000000000000000000004B /* StudioLocalization.swift */,
				A00000000000000000000047 /* StudioTheme.swift */,
			);
			path = Support;
			sourceTree = "<group>";
		};
		A0000000000000000000005C /* BrushPalette */ = {
			isa = PBXGroup;
			children = (
				A0000000000000000000009B /* BrushPaletteSupport.swift */,
				A0000000000000000000009D /* BrushPaletteControls.swift */,
				A00000000000000000000006 /* BrushPaletteView.swift */,
				A0000000000000000000009F /* BrushPaletteView+Bindings.swift */,
				A000000000000000000000A3 /* BrushPaletteView+Previews.swift */,
				A000000000000000000000A1 /* BrushPaletteView+Sections.swift */,
			);
			path = BrushPalette;
			sourceTree = "<group>";
		};
		A0000000000000000000005D /* Canvas */ = {
			isa = PBXGroup;
			children = (
				A00000000000000000000005 /* CanvasView.swift */,
				A00000000000000000000045 /* InputHandler.swift */,
			);
			path = Canvas;
			sourceTree = "<group>";
		};
		A0000000000000000000005E /* Document */ = {
			isa = PBXGroup;
			children = (
				A00000000000000000000003 /* AppFeature.swift */,
				A000000000000000000000A5 /* AppFeature+Helpers.swift */,
				A00000000000000000000015 /* BrushRuntimeSettings.swift */,
				A00000000000000000000016 /* PaintDocumentPresentation.swift */,
				A00000000000000000000017 /* PaintDocumentSession.swift */,
				A00000000000000000000018 /* PaintDocumentClient.swift */,
				A000000000000000000000A7 /* TimelapseExporter.swift */,
				A00000000000000000000019 /* BrushPaletteFeature.swift */,
				A0000000000000000000001A /* LayerSidebarFeature.swift */,
				A0000000000000000000001B /* CanvasFeature.swift */,
			);
			path = Document;
			sourceTree = "<group>";
		};
		A0000000000000000000005F /* Layers */ = {
			isa = PBXGroup;
			children = (
				A00000000000000000000007 /* LayerSidebarView.swift */,
			);
			path = Layers;
			sourceTree = "<group>";
		};
/* End PBXGroup section */

/* Begin PBXNativeTarget section */
		A00000000000000000000060 /* atelierprime */ = {
			isa = PBXNativeTarget;
			buildConfigurationList = A00000000000000000000072 /* Build configuration list for PBXNativeTarget "atelierprime" */;
			buildPhases = (
				A00000000000000000000041 /* Sources */,
				A00000000000000000000040 /* Frameworks */,
				A00000000000000000000042 /* Resources */,
			);
			buildRules = (
			);
			dependencies = (
			);
			name = atelierprime;
			packageProductDependencies = (
				A00000000000000000000093 /* ComposableArchitecture */,
			);
			productName = atelierprime;
			productReference = A00000000000000000000030 /* atelierprime.app */;
			productType = "com.apple.product-type.application";
		};
/* End PBXNativeTarget section */

/* Begin PBXProject section */
		A00000000000000000000070 /* Project object */ = {
			isa = PBXProject;
			attributes = {
				BuildIndependentTargetsInParallel = 1;
				LastSwiftUpdateCheck = 1600;
				LastUpgradeCheck = 2640;
				TargetAttributes = {
					A00000000000000000000060 = {
						CreatedOnToolsVersion = 16.0;
					};
				};
			};
			buildConfigurationList = A00000000000000000000071 /* Build configuration list for PBXProject "atelierprime" */;
			compatibilityVersion = "Xcode 14.0";
			developmentRegion = en;
			hasScannedForEncodings = 0;
			knownRegions = (
				en,
				Base,
			);
			mainGroup = A00000000000000000000050;
			packageReferences = (
				A00000000000000000000092 /* XCRemoteSwiftPackageReference "swift-composable-architecture" */,
			);
			productRefGroup = A00000000000000000000055 /* Products */;
			projectDirPath = "";
			projectRoot = "";
			targets = (
				A00000000000000000000060 /* atelierprime */,
			);
		};
/* End PBXProject section */

/* Begin PBXResourcesBuildPhase section */
		A00000000000000000000042 /* Resources */ = {
			isa = PBXResourcesBuildPhase;
			buildActionMask = 2147483647;
			files = (
				A00000000000000000000048 /* Assets.xcassets in Resources */,
			);
			runOnlyForDeploymentPostprocessing = 0;
		};
/* End PBXResourcesBuildPhase section */

/* Begin PBXSourcesBuildPhase section */
		A00000000000000000000041 /* Sources */ = {
			isa = PBXSourcesBuildPhase;
			buildActionMask = 2147483647;
			files = (
				A000000000000000000000A4 /* AppFeature+Helpers.swift in Sources */,
				A0000000000000000000009C /* BrushPaletteControls.swift in Sources */,
				A0000000000000000000003E /* BrushPaletteFeature.swift in Sources */,
				A0000000000000000000009A /* BrushPaletteSupport.swift in Sources */,
				A00000000000000000000026 /* BrushPaletteView.swift in Sources */,
				A0000000000000000000009E /* BrushPaletteView+Bindings.swift in Sources */,
				A000000000000000000000A2 /* BrushPaletteView+Previews.swift in Sources */,
				A000000000000000000000A0 /* BrushPaletteView+Sections.swift in Sources */,
				A00000000000000000000043 /* CanvasFeature.swift in Sources */,
				A00000000000000000000025 /* CanvasView.swift in Sources */,
				A00000000000000000000022 /* ContentView.swift in Sources */,
				A00000000000000000000098 /* ContentView+Previews.swift in Sources */,
				A00000000000000000000096 /* ContentView+Support.swift in Sources */,
				A00000000000000000000044 /* InputHandler.swift in Sources */,
				A0000000000000000000003F /* LayerSidebarFeature.swift in Sources */,
				A00000000000000000000027 /* LayerSidebarView.swift in Sources */,
				A0000000000000000000002E /* MetalCanvasRenderer.swift in Sources */,
				A0000000000000000000003A /* BrushRuntimeSettings.swift in Sources */,
				A00000000000000000000094 /* BrushPresetStore.swift in Sources */,
				A0000000000000000000004C /* BrushTipFile.swift in Sources */,
				A0000000000000000000004E /* PhotoshopBrushFile.swift in Sources */,
				A0000000000000000000004A /* StudioLocalization.swift in Sources */,
				A00000000000000000000046 /* StudioTheme.swift in Sources */,
				A0000000000000000000003D /* PaintDocumentClient.swift in Sources */,
				A0000000000000000000003B /* PaintDocumentPresentation.swift in Sources */,
				A0000000000000000000003C /* PaintDocumentSession.swift in Sources */,
				A00000000000000000000028 /* PaintDocumentBridge.mm in Sources */,
				A00000000000000000000029 /* PaintEngine.cpp in Sources */,
				A0000000000000000000002F /* PaintShaders.metal in Sources */,
				A00000000000000000000023 /* AppFeature.swift in Sources */,
				A00000000000000000000024 /* PaintModels.swift in Sources */,
				A000000000000000000000A6 /* TimelapseExporter.swift in Sources */,
				A00000000000000000000021 /* AtelierPrimeApp.swift in Sources */,
			);
			runOnlyForDeploymentPostprocessing = 0;
		};
/* End PBXSourcesBuildPhase section */

/* Begin XCBuildConfiguration section */
		A00000000000000000000080 /* Debug */ = {
			isa = XCBuildConfiguration;
			buildSettings = {
				ALWAYS_SEARCH_USER_PATHS = NO;
				CLANG_CXX_LANGUAGE_STANDARD = "gnu++20";
				CLANG_ENABLE_MODULES = YES;
				CLANG_WARN_BLOCK_CAPTURE_AUTORELEASING = YES;
				CLANG_WARN_BOOL_CONVERSION = YES;
				CLANG_WARN_COMMA = YES;
				CLANG_WARN_CONSTANT_CONVERSION = YES;
				CLANG_WARN_DEPRECATED_OBJC_IMPLEMENTATIONS = YES;
				CLANG_WARN_EMPTY_BODY = YES;
				CLANG_WARN_ENUM_CONVERSION = YES;
				CLANG_WARN_INFINITE_RECURSION = YES;
				CLANG_WARN_INT_CONVERSION = YES;
				CLANG_WARN_NON_LITERAL_NULL_CONVERSION = YES;
				CLANG_WARN_OBJC_IMPLICIT_RETAIN_SELF = YES;
				CLANG_WARN_OBJC_LITERAL_CONVERSION = YES;
				CLANG_WARN_QUOTED_INCLUDE_IN_FRAMEWORK_HEADER = YES;
				CLANG_WARN_RANGE_LOOP_ANALYSIS = YES;
				CLANG_WARN_STRICT_PROTOTYPES = YES;
				CLANG_WARN_SUSPICIOUS_MOVE = YES;
				CLANG_WARN_UNREACHABLE_CODE = YES;
				CLANG_WARN__DUPLICATE_METHOD_MATCH = YES;
				COPY_PHASE_STRIP = NO;
				DEBUG_INFORMATION_FORMAT = dwarf;
				ENABLE_STRICT_OBJC_MSGSEND = YES;
				ENABLE_TESTABILITY = YES;
				ENABLE_USER_SCRIPT_SANDBOXING = YES;
				GCC_C_LANGUAGE_STANDARD = gnu17;
				GCC_NO_COMMON_BLOCKS = YES;
				GCC_WARN_64_TO_32_BIT_CONVERSION = YES;
				GCC_WARN_ABOUT_RETURN_TYPE = YES;
				GCC_WARN_UNDECLARED_SELECTOR = YES;
				GCC_WARN_UNINITIALIZED_AUTOS = YES;
				GCC_WARN_UNUSED_FUNCTION = YES;
				GCC_WARN_UNUSED_VARIABLE = YES;
				IPHONEOS_DEPLOYMENT_TARGET = 26.0;
				ONLY_ACTIVE_ARCH = YES;
				SDKROOT = iphoneos;
				STRING_CATALOG_GENERATE_SYMBOLS = YES;
				SWIFT_VERSION = 5.10;
				TARGETED_DEVICE_FAMILY = 2;
			};
			name = Debug;
		};
		A00000000000000000000081 /* Release */ = {
			isa = XCBuildConfiguration;
			buildSettings = {
				ALWAYS_SEARCH_USER_PATHS = NO;
				CLANG_CXX_LANGUAGE_STANDARD = "gnu++20";
				CLANG_ENABLE_MODULES = YES;
				CLANG_WARN_BLOCK_CAPTURE_AUTORELEASING = YES;
				CLANG_WARN_BOOL_CONVERSION = YES;
				CLANG_WARN_COMMA = YES;
				CLANG_WARN_CONSTANT_CONVERSION = YES;
				CLANG_WARN_DEPRECATED_OBJC_IMPLEMENTATIONS = YES;
				CLANG_WARN_EMPTY_BODY = YES;
				CLANG_WARN_ENUM_CONVERSION = YES;
				CLANG_WARN_INFINITE_RECURSION = YES;
				CLANG_WARN_INT_CONVERSION = YES;
				CLANG_WARN_NON_LITERAL_NULL_CONVERSION = YES;
				CLANG_WARN_OBJC_IMPLICIT_RETAIN_SELF = YES;
				CLANG_WARN_OBJC_LITERAL_CONVERSION = YES;
				CLANG_WARN_QUOTED_INCLUDE_IN_FRAMEWORK_HEADER = YES;
				CLANG_WARN_RANGE_LOOP_ANALYSIS = YES;
				CLANG_WARN_STRICT_PROTOTYPES = YES;
				CLANG_WARN_SUSPICIOUS_MOVE = YES;
				CLANG_WARN_UNREACHABLE_CODE = YES;
				CLANG_WARN__DUPLICATE_METHOD_MATCH = YES;
				COPY_PHASE_STRIP = NO;
				DEBUG_INFORMATION_FORMAT = "dwarf-with-dsym";
				ENABLE_NS_ASSERTIONS = NO;
				ENABLE_STRICT_OBJC_MSGSEND = YES;
				ENABLE_USER_SCRIPT_SANDBOXING = YES;
				GCC_C_LANGUAGE_STANDARD = gnu17;
				GCC_NO_COMMON_BLOCKS = YES;
				GCC_WARN_64_TO_32_BIT_CONVERSION = YES;
				GCC_WARN_ABOUT_RETURN_TYPE = YES;
				GCC_WARN_UNDECLARED_SELECTOR = YES;
				GCC_WARN_UNINITIALIZED_AUTOS = YES;
				GCC_WARN_UNUSED_FUNCTION = YES;
				GCC_WARN_UNUSED_VARIABLE = YES;
				IPHONEOS_DEPLOYMENT_TARGET = 26.0;
				SDKROOT = iphoneos;
				STRING_CATALOG_GENERATE_SYMBOLS = YES;
				SWIFT_COMPILATION_MODE = wholemodule;
				SWIFT_VERSION = 5.10;
				TARGETED_DEVICE_FAMILY = 2;
			};
			name = Release;
		};
		A00000000000000000000082 /* Debug */ = {
			isa = XCBuildConfiguration;
			buildSettings = {
				ASSETCATALOG_COMPILER_APPICON_NAME = AppIcon;
				CLANG_CXX_LANGUAGE_STANDARD = "gnu++20";
				CLANG_ENABLE_MODULES = YES;
				CLANG_ENABLE_OBJC_WEAK = YES;
				CODE_SIGN_STYLE = Automatic;
				CURRENT_PROJECT_VERSION = 1;
				DEFINES_MODULE = YES;
				DEVELOPMENT_TEAM = 2RZR3M2YPU;
				ENABLE_MODULE_VERIFIER = YES;
				GENERATE_INFOPLIST_FILE = NO;
				HEADER_SEARCH_PATHS = (
					"$(inherited)",
					"$(SRCROOT)/Engine/include",
				);
				INFOPLIST_FILE = App/Support/Info.plist;
				INFOPLIST_KEY_CFBundleDisplayName = AtlierPrime;
				INFOPLIST_KEY_LSApplicationCategoryType = "public.app-category.entertainment";
				INFOPLIST_KEY_UIApplicationSupportsIndirectInputEvents = YES;
				IPHONEOS_DEPLOYMENT_TARGET = 26.0;
				LD_RUNPATH_SEARCH_PATHS = (
					"$(inherited)",
					"@executable_path/Frameworks",
				);
				MARKETING_VERSION = 1.0;
				MODULE_VERIFIER_SUPPORTED_LANGUAGE_STANDARDS = "gnu17 gnu++20";
				PRODUCT_BUNDLE_IDENTIFIER = com.atelierprime.app;
				PRODUCT_NAME = "$(TARGET_NAME)";
				SUPPORTED_PLATFORMS = "iphoneos iphonesimulator";
				SUPPORTS_MACCATALYST = NO;
				SUPPORTS_MAC_DESIGNED_FOR_IPHONE_IPAD = NO;
				SUPPORTS_XR_DESIGNED_FOR_IPHONE_IPAD = NO;
				SWIFT_EMIT_LOC_STRINGS = YES;
				SWIFT_OBJC_BRIDGING_HEADER = "App/Support/atelierprime-Bridging-Header.h";
				SWIFT_VERSION = 5.10;
				TARGETED_DEVICE_FAMILY = 2;
			};
			name = Debug;
		};
		A00000000000000000000083 /* Release */ = {
			isa = XCBuildConfiguration;
			buildSettings = {
				ASSETCATALOG_COMPILER_APPICON_NAME = AppIcon;
				CLANG_CXX_LANGUAGE_STANDARD = "gnu++20";
				CLANG_ENABLE_MODULES = YES;
				CLANG_ENABLE_OBJC_WEAK = YES;
				CODE_SIGN_STYLE = Automatic;
				CURRENT_PROJECT_VERSION = 1;
				DEFINES_MODULE = YES;
				DEVELOPMENT_TEAM = 2RZR3M2YPU;
				ENABLE_MODULE_VERIFIER = YES;
				GENERATE_INFOPLIST_FILE = NO;
				HEADER_SEARCH_PATHS = (
					"$(inherited)",
					"$(SRCROOT)/Engine/include",
				);
				INFOPLIST_FILE = App/Support/Info.plist;
				INFOPLIST_KEY_CFBundleDisplayName = AtlierPrime;
				INFOPLIST_KEY_LSApplicationCategoryType = "public.app-category.entertainment";
				INFOPLIST_KEY_UIApplicationSupportsIndirectInputEvents = YES;
				IPHONEOS_DEPLOYMENT_TARGET = 26.0;
				LD_RUNPATH_SEARCH_PATHS = (
					"$(inherited)",
					"@executable_path/Frameworks",
				);
				MARKETING_VERSION = 1.0;
				MODULE_VERIFIER_SUPPORTED_LANGUAGE_STANDARDS = "gnu17 gnu++20";
				PRODUCT_BUNDLE_IDENTIFIER = com.atelierprime.app;
				PRODUCT_NAME = "$(TARGET_NAME)";
				SUPPORTED_PLATFORMS = "iphoneos iphonesimulator";
				SUPPORTS_MACCATALYST = NO;
				SUPPORTS_MAC_DESIGNED_FOR_IPHONE_IPAD = NO;
				SUPPORTS_XR_DESIGNED_FOR_IPHONE_IPAD = NO;
				SWIFT_EMIT_LOC_STRINGS = YES;
				SWIFT_OBJC_BRIDGING_HEADER = "App/Support/atelierprime-Bridging-Header.h";
				SWIFT_VERSION = 5.10;
				TARGETED_DEVICE_FAMILY = 2;
			};
			name = Release;
		};
/* End XCBuildConfiguration section */

/* Begin XCConfigurationList section */
		A00000000000000000000071 /* Build configuration list for PBXProject "atelierprime" */ = {
			isa = XCConfigurationList;
			buildConfigurations = (
				A00000000000000000000080 /* Debug */,
				A00000000000000000000081 /* Release */,
			);
			defaultConfigurationIsVisible = 0;
			defaultConfigurationName = Release;
		};
		A00000000000000000000072 /* Build configuration list for PBXNativeTarget "atelierprime" */ = {
			isa = XCConfigurationList;
			buildConfigurations = (
				A00000000000000000000082 /* Debug */,
				A00000000000000000000083 /* Release */,
			);
			defaultConfigurationIsVisible = 0;
			defaultConfigurationName = Release;
		};
/* End XCConfigurationList section */

/* Begin XCRemoteSwiftPackageReference section */
		A00000000000000000000092 /* XCRemoteSwiftPackageReference "swift-composable-architecture" */ = {
			isa = XCRemoteSwiftPackageReference;
			repositoryURL = "https://github.com/pointfreeco/swift-composable-architecture";
			requirement = {
				kind = exactVersion;
				version = 1.25.2;
			};
		};
/* End XCRemoteSwiftPackageReference section */

/* Begin XCSwiftPackageProductDependency section */
		A00000000000000000000093 /* ComposableArchitecture */ = {
			isa = XCSwiftPackageProductDependency;
			package = A00000000000000000000092 /* XCRemoteSwiftPackageReference "swift-composable-architecture" */;
			productName = ComposableArchitecture;
		};
/* End XCSwiftPackageProductDependency section */
	};
	rootObject = A00000000000000000000070 /* Project object */;
}
